
Microsoft Visual Studio Solution File, Format Version 12.00
# Visual Studio Version 16
VisualStudioVersion = 16.0.29306.81
MinimumVisualStudioVersion = 10.0.40219.1
Project("{FAE04EC0-301F-11D3-BF4B-00C04F79EFBC}") = "ConsultarCEPs", "ConsultarCEPs\ConsultarCEPs.csproj", "{B244214D-8991-4D0D-B888-EAF15E3BCD82}"
EndProject
Global
	GlobalSection(SolutionConfigurationPlatforms) = preSolution
		Debug|Any CPU = Debug|Any CPU
		Release|Any CPU = Release|Any CPU
	EndGlobalSection
	GlobalSection(ProjectConfigurationPlatforms) = postSolution
		{B244214D-8991-4D0D-B888-EAF15E3BCD82}.Debug|Any CPU.ActiveCfg = Debug|Any CPU
		{B244214D-8991-4D0D-B888-EAF15E3BCD82}.Debug|Any CPU.Build.0 = Debug|Any CPU
		{B244214D-8991-4D0D-B888-EAF15E3BCD82}.Release|Any CPU.ActiveCfg = Release|Any CPU
		{B244214D-8991-4D0D-B888-EAF15E3BCD82}.Release|Any CPU.Build.0 = Release|Any CPU
	EndGlobalSection
	GlobalSection(SolutionProperties) = preSolution
		HideSolutionNode = FALSE
	EndGlobalSection
	GlobalSection(ExtensibilityGlobals) = postSolution
		SolutionGuid = {5EB24CBC-769D-451C-98F8-2C093687F891}
	EndGlobalSection
EndGlobal
